
Microsoft Visual Studio Solution File, Format Version 12.00
# Visual Studio Version 17
VisualStudioVersion = 17.1.32210.238
MinimumVisualStudioVersion = 10.0.40219.1
Project("{FAE04EC0-301F-11D3-BF4B-00C04F79EFBC}") = "Examen3_Programacion3", "Examen3_Programacion3\Examen3_Programacion3.csproj", "{1246D69A-59E5-414D-A156-62DD8A78D954}"
EndProject
Project("{FAE04EC0-301F-11D3-BF4B-00C04F79EFBC}") = "Modelos", "Modelos\Modelos.csproj", "{9F97469C-A4AC-4654-B75B-F8DE33EF465E}"
EndProject
Project("{FAE04EC0-301F-11D3-BF4B-00C04F79EFBC}") = "Datos", "Datos\Datos.csproj", "{CEE4BC47-A012-4C8E-BE4C-EEB39EC67BF5}"
EndProject
Global
	GlobalSection(SolutionConfigurationPlatforms) = preSolution
		Debug|Any CPU = Debug|Any CPU
		Release|Any CPU = Release|Any CPU
	EndGlobalSection
	GlobalSection(ProjectConfigurationPlatforms) = postSolution
		{1246D69A-59E5-414D-A156-62DD8A78D954}.Debug|Any CPU.ActiveCfg = Debug|Any CPU
		{1246D69A-59E5-414D-A156-62DD8A78D954}.Debug|Any CPU.Build.0 = Debug|Any CPU
		{1246D69A-59E5-414D-A156-62DD8A78D954}.Release|Any CPU.ActiveCfg = Release|Any CPU
		{1246D69A-59E5-414D-A156-62DD8A78D954}.Release|Any CPU.Build.0 = Release|Any CPU
		{9F97469C-A4AC-4654-B75B-F8DE33EF465E}.Debug|Any CPU.ActiveCfg = Debug|Any CPU
		{9F97469C-A4AC-4654-B75B-F8DE33EF465E}.Debug|Any CPU.Build.0 = Debug|Any CPU
		{9F97469C-A4AC-4654-B75B-F8DE33EF465E}.Release|Any CPU.ActiveCfg = Release|Any CPU
		{9F97469C-A4AC-4654-B75B-F8DE33EF465E}.Release|Any CPU.Build.0 = Release|Any CPU
		{CEE4BC47-A012-4C8E-BE4C-EEB39EC67BF5}.Debug|Any CPU.ActiveCfg = Debug|Any CPU
		{CEE4BC47-A012-4C8E-BE4C-EEB39EC67BF5}.Debug|Any CPU.Build.0 = Debug|Any CPU
		{CEE4BC47-A012-4C8E-BE4C-EEB39EC67BF5}.Release|Any CPU.ActiveCfg = Release|Any CPU
		{CEE4BC47-A012-4C8E-BE4C-EEB39EC67BF5}.Release|Any CPU.Build.0 = Release|Any CPU
	EndGlobalSection
	GlobalSection(SolutionProperties) = preSolution
		HideSolutionNode = FALSE
	EndGlobalSection
	GlobalSection(ExtensibilityGlobals) = postSolution
		SolutionGuid = {E944D870-8769-4176-B747-7EAC11B084C8}
	EndGlobalSection
EndGlobal
